// !$*UTF8*$!
{
	archiveVersion = 1;
	classes = {
	};
	objectVersion = 56;
	objects = {

/* Begin PBXBuildFile section */
		0FB4B70E2AB42D9C005398FA /* ToDoListApp.swift in Sources */ = {isa = PBXBuildFile; fileRef = 0FB4B70D2AB42D9C005398FA /* ToDoListApp.swift */; };
		0FB4B7102AB42D9C005398FA /* MainView.swift in Sources */ = {isa = PBXBuildFile; fileRef = 0FB4B70F2AB42D9C005398FA /* MainView.swift */; };
		0FB4B7122AB42D9D005398FA /* Assets.xcassets in Resources */ = {isa = PBXBuildFile; fileRef = 0FB4B7112AB42D9D005398FA /* Assets.xcassets */; };
		0FB4B7152AB42D9D005398FA /* Preview Assets.xcassets in Resources */ = {isa = PBXBuildFile; fileRef = 0FB4B7142AB42D9D005398FA /* Preview Assets.xcassets */; };
		0FB4B71C2AB4303B005398FA /* GoogleService-Info.plist in Resources */ = {isa = PBXBuildFile; fileRef = 0FB4B71B2AB4303B005398FA /* GoogleService-Info.plist */; };
		0FB4B71F2AB431AF005398FA /* FirebaseAnalytics in Frameworks */ = {isa = PBXBuildFile; productRef = 0FB4B71E2AB431AF005398FA /* FirebaseAnalytics */; };
		0FB4B7212AB431AF005398FA /* FirebaseAnalyticsSwift in Frameworks */ = {isa = PBXBuildFile; productRef = 0FB4B7202AB431AF005398FA /* FirebaseAnalyticsSwift */; };
		0FB4B7232AB431AF005398FA /* FirebaseAuth in Frameworks */ = {isa = PBXBuildFile; productRef = 0FB4B7222AB431AF005398FA /* FirebaseAuth */; };
		0FB4B7252AB431AF005398FA /* FirebaseFirestore in Frameworks */ = {isa = PBXBuildFile; productRef = 0FB4B7242AB431AF005398FA /* FirebaseFirestore */; };
		0FB4B7272AB431AF005398FA /* FirebaseFirestoreSwift in Frameworks */ = {isa = PBXBuildFile; productRef = 0FB4B7262AB431AF005398FA /* FirebaseFirestoreSwift */; };
		0FB4B72E2AB4373D005398FA /* LoginView.swift in Sources */ = {isa = PBXBuildFile; fileRef = 0FB4B72D2AB4373D005398FA /* LoginView.swift */; };
		0FB4B7302AB43749005398FA /* RegisterView.swift in Sources */ = {isa = PBXBuildFile; fileRef = 0FB4B72F2AB43749005398FA /* RegisterView.swift */; };
		0FB4B7322AB43758005398FA /* ToDoListView.swift in Sources */ = {isa = PBXBuildFile; fileRef = 0FB4B7312AB43758005398FA /* ToDoListView.swift */; };
		0FB4B7342AB43768005398FA /* ToDoListItemView.swift in Sources */ = {isa = PBXBuildFile; fileRef = 0FB4B7332AB43768005398FA /* ToDoListItemView.swift */; };
		0FB4B7362AB43774005398FA /* ProfileView.swift in Sources */ = {isa = PBXBuildFile; fileRef = 0FB4B7352AB43774005398FA /* ProfileView.swift */; };
		0FB4B7382AB43783005398FA /* NewItemView.swift in Sources */ = {isa = PBXBuildFile; fileRef = 0FB4B7372AB43783005398FA /* NewItemView.swift */; };
		0FB4B73A2AB437B2005398FA /* User.swift in Sources */ = {isa = PBXBuildFile; fileRef = 0FB4B7392AB437B2005398FA /* User.swift */; };
		0FB4B73C2AB437C4005398FA /* ToDoListItem.swift in Sources */ = {isa = PBXBuildFile; fileRef = 0FB4B73B2AB437C4005398FA /* ToDoListItem.swift */; };
		0FB4B73E2AB4382B005398FA /* MainViewVM.swift in Sources */ = {isa = PBXBuildFile; fileRef = 0FB4B73D2AB4382B005398FA /* MainViewVM.swift */; };
		0FB4B7402AB4383D005398FA /* LoginViewVM.swift in Sources */ = {isa = PBXBuildFile; fileRef = 0FB4B73F2AB4383D005398FA /* LoginViewVM.swift */; };
		0FB4B7422AB4384E005398FA /* RegisterViewVM.swift in Sources */ = {isa = PBXBuildFile; fileRef = 0FB4B7412AB4384E005398FA /* RegisterViewVM.swift */; };
		0FB4B7442AB4385E005398FA /* ToDoListViewVM.swift in Sources */ = {isa = PBXBuildFile; fileRef = 0FB4B7432AB4385E005398FA /* ToDoListViewVM.swift */; };
		0FB4B7462AB4386F005398FA /* ToDoListItemViewVM.swift in Sources */ = {isa = PBXBuildFile; fileRef = 0FB4B7452AB4386E005398FA /* ToDoListItemViewVM.swift */; };
		0FB4B7482AB4387D005398FA /* ProfileViewVM.swift in Sources */ = {isa = PBXBuildFile; fileRef = 0FB4B7472AB4387D005398FA /* ProfileViewVM.swift */; };
		0FB4B74A2AB43892005398FA /* NewItemViewVM.swift in Sources */ = {isa = PBXBuildFile; fileRef = 0FB4B7492AB43892005398FA /* NewItemViewVM.swift */; };
		0FB4B74D2AB44560005398FA /* HeaderView.swift in Sources */ = {isa = PBXBuildFile; fileRef = 0FB4B74C2AB44560005398FA /* HeaderView.swift */; };
		0FB4B74F2AB44CAC005398FA /* LRButton.swift in Sources */ = {isa = PBXBuildFile; fileRef = 0FB4B74E2AB44CAC005398FA /* LRButton.swift */; };
		0FB4B7512AB467DB005398FA /* Extensions.swift in Sources */ = {isa = PBXBuildFile; fileRef = 0FB4B7502AB467DB005398FA /* Extensions.swift */; };
/* End PBXBuildFile section */

/* Begin PBXFileReference section */
		0FB4B70A2AB42D9C005398FA /* ToDoList.app */ = {isa = PBXFileReference; explicitFileType = wrapper.application; includeInIndex = 0; path = ToDoList.app; sourceTree = BUILT_PRODUCTS_DIR; };
		0FB4B70D2AB42D9C005398FA /* ToDoListApp.swift */ = {isa = PBXFileReference; lastKnownFileType = sourcecode.swift; path = ToDoListApp.swift; sourceTree = "<group>"; };
		0FB4B70F2AB42D9C005398FA /* MainView.swift */ = {isa = PBXFileReference; lastKnownFileType = sourcecode.swift; path = MainView.swift; sourceTree = "<group>"; };
		0FB4B7112AB42D9D005398FA /* Assets.xcassets */ = {isa = PBXFileReference; lastKnownFileType = folder.assetcatalog; path = Assets.xcassets; sourceTree = "<group>"; };
		0FB4B7142AB42D9D005398FA /* Preview Assets.xcassets */ = {isa = PBXFileReference; lastKnownFileType = folder.assetcatalog; path = "Preview Assets.xcassets"; sourceTree = "<group>"; };
		0FB4B71B2AB4303B005398FA /* GoogleService-Info.plist */ = {isa = PBXFileReference; fileEncoding = 4; lastKnownFileType = text.plist.xml; path = "GoogleService-Info.plist"; sourceTree = "<group>"; };
		0FB4B72D2AB4373D005398FA /* LoginView.swift */ = {isa = PBXFileReference; lastKnownFileType = sourcecode.swift; path = LoginView.swift; sourceTree = "<group>"; };
		0FB4B72F2AB43749005398FA /* RegisterView.swift */ = {isa = PBXFileReference; lastKnownFileType = sourcecode.swift; path = RegisterView.swift; sourceTree = "<group>"; };
		0FB4B7312AB43758005398FA /* ToDoListView.swift */ = {isa = PBXFileReference; lastKnownFileType = sourcecode.swift; path = ToDoListView.swift; sourceTree = "<group>"; };
		0FB4B7332AB43768005398FA /* ToDoListItemView.swift */ = {isa = PBXFileReference; lastKnownFileType = sourcecode.swift; path = ToDoListItemView.swift; sourceTree = "<group>"; };
		0FB4B7352AB43774005398FA /* ProfileView.swift */ = {isa = PBXFileReference; lastKnownFileType = sourcecode.swift; path = ProfileView.swift; sourceTree = "<group>"; };
		0FB4B7372AB43783005398FA /* NewItemView.swift */ = {isa = PBXFileReference; lastKnownFileType = sourcecode.swift; path = NewItemView.swift; sourceTree = "<group>"; };
		0FB4B7392AB437B2005398FA /* User.swift */ = {isa = PBXFileReference; lastKnownFileType = sourcecode.swift; path = User.swift; sourceTree = "<group>"; };
		0FB4B73B2AB437C4005398FA /* ToDoListItem.swift */ = {isa = PBXFileReference; lastKnownFileType = sourcecode.swift; path = ToDoListItem.swift; sourceTree = "<group>"; };
		0FB4B73D2AB4382B005398FA /* MainViewVM.swift */ = {isa = PBXFileReference; lastKnownFileType = sourcecode.swift; path = MainViewVM.swift; sourceTree = "<group>"; };
		0FB4B73F2AB4383D005398FA /* LoginViewVM.swift */ = {isa = PBXFileReference; lastKnownFileType = sourcecode.swift; path = LoginViewVM.swift; sourceTree = "<group>"; };
		0FB4B7412AB4384E005398FA /* RegisterViewVM.swift */ = {isa = PBXFileReference; lastKnownFileType = sourcecode.swift; path = RegisterViewVM.swift; sourceTree = "<group>"; };
		0FB4B7432AB4385E005398FA /* ToDoListViewVM.swift */ = {isa = PBXFileReference; lastKnownFileType = sourcecode.swift; path = ToDoListViewVM.swift; sourceTree = "<group>"; };
		0FB4B7452AB4386E005398FA /* ToDoListItemViewVM.swift */ = {isa = PBXFileReference; lastKnownFileType = sourcecode.swift; path = ToDoListItemViewVM.swift; sourceTree = "<group>"; };
		0FB4B7472AB4387D005398FA /* ProfileViewVM.swift */ = {isa = PBXFileReference; lastKnownFileType = sourcecode.swift; path = ProfileViewVM.swift; sourceTree = "<group>"; };
		0FB4B7492AB43892005398FA /* NewItemViewVM.swift */ = {isa = PBXFileReference; lastKnownFileType = sourcecode.swift; path = NewItemViewVM.swift; sourceTree = "<group>"; };
		0FB4B74C2AB44560005398FA /* HeaderView.swift */ = {isa = PBXFileReference; lastKnownFileType = sourcecode.swift; path = HeaderView.swift; sourceTree = "<group>"; };
		0FB4B74E2AB44CAC005398FA /* LRButton.swift */ = {isa = PBXFileReference; lastKnownFileType = sourcecode.swift; path = LRButton.swift; sourceTree = "<group>"; };
		0FB4B7502AB467DB005398FA /* Extensions.swift */ = {isa = PBXFileReference; lastKnownFileType = sourcecode.swift; path = Extensions.swift; sourceTree = "<group>"; };
/* End PBXFileReference section */

/* Begin PBXFrameworksBuildPhase section */
		0FB4B7072AB42D9C005398FA /* Frameworks */ = {
			isa = PBXFrameworksBuildPhase;
			buildActionMask = 2147483647;
			files = (
				0FB4B7272AB431AF005398FA /* FirebaseFirestoreSwift in Frameworks */,
				0FB4B7212AB431AF005398FA /* FirebaseAnalyticsSwift in Frameworks */,
				0FB4B7252AB431AF005398FA /* FirebaseFirestore in Frameworks */,
				0FB4B7232AB431AF005398FA /* FirebaseAuth in Frameworks */,
				0FB4B71F2AB431AF005398FA /* FirebaseAnalytics in Frameworks */,
			);
			runOnlyForDeploymentPostprocessing = 0;
		};
/* End PBXFrameworksBuildPhase section */

/* Begin PBXGroup section */
		0FB4B7012AB42D9C005398FA = {
			isa = PBXGroup;
			children = (
				0FB4B70C2AB42D9C005398FA /* ToDoList */,
				0FB4B70B2AB42D9C005398FA /* Products */,
			);
			sourceTree = "<group>";
		};
		0FB4B70B2AB42D9C005398FA /* Products */ = {
			isa = PBXGroup;
			children = (
				0FB4B70A2AB42D9C005398FA /* ToDoList.app */,
			);
			name = Products;
			sourceTree = "<group>";
		};
		0FB4B70C2AB42D9C005398FA /* ToDoList */ = {
			isa = PBXGroup;
			children = (
				0FB4B72C2AB4355D005398FA /* Other */,
				0FB4B72B2AB43537005398FA /* Model */,
				0FB4B7292AB43521005398FA /* ViewModel */,
				0FB4B7282AB434F0005398FA /* View */,
				0FB4B7132AB42D9D005398FA /* Preview Content */,
			);
			path = ToDoList;
			sourceTree = "<group>";
		};
		0FB4B7132AB42D9D005398FA /* Preview Content */ = {
			isa = PBXGroup;
			children = (
				0FB4B7142AB42D9D005398FA /* Preview Assets.xcassets */,
			);
			path = "Preview Content";
			sourceTree = "<group>";
		};
		0FB4B7282AB434F0005398FA /* View */ = {
			isa = PBXGroup;
			children = (
				0FB4B70F2AB42D9C005398FA /* MainView.swift */,
				0FB4B72D2AB4373D005398FA /* LoginView.swift */,
				0FB4B72F2AB43749005398FA /* RegisterView.swift */,
				0FB4B7312AB43758005398FA /* ToDoListView.swift */,
				0FB4B7332AB43768005398FA /* ToDoListItemView.swift */,
				0FB4B7352AB43774005398FA /* ProfileView.swift */,
				0FB4B7372AB43783005398FA /* NewItemView.swift */,
				0FB4B74C2AB44560005398FA /* HeaderView.swift */,
				0FB4B74E2AB44CAC005398FA /* LRButton.swift */,
			);
			path = View;
			sourceTree = "<group>";
		};
		0FB4B7292AB43521005398FA /* ViewModel */ = {
			isa = PBXGroup;
			children = (
				0FB4B73D2AB4382B005398FA /* MainViewVM.swift */,
				0FB4B73F2AB4383D005398FA /* LoginViewVM.swift */,
				0FB4B7412AB4384E005398FA /* RegisterViewVM.swift */,
				0FB4B7432AB4385E005398FA /* ToDoListViewVM.swift */,
				0FB4B7452AB4386E005398FA /* ToDoListItemViewVM.swift */,
				0FB4B7472AB4387D005398FA /* ProfileViewVM.swift */,
				0FB4B7492AB43892005398FA /* NewItemViewVM.swift */,
			);
			path = ViewModel;
			sourceTree = "<group>";
		};
		0FB4B72B2AB43537005398FA /* Model */ = {
			isa = PBXGroup;
			children = (
				0FB4B7392AB437B2005398FA /* User.swift */,
				0FB4B73B2AB437C4005398FA /* ToDoListItem.swift */,
			);
			path = Model;
			sourceTree = "<group>";
		};
		0FB4B72C2AB4355D005398FA /* Other */ = {
			isa = PBXGroup;
			children = (
				0FB4B7112AB42D9D005398FA /* Assets.xcassets */,
				0FB4B71B2AB4303B005398FA /* GoogleService-Info.plist */,
				0FB4B70D2AB42D9C005398FA /* ToDoListApp.swift */,
				0FB4B7502AB467DB005398FA /* Extensions.swift */,
			);
			path = Other;
			sourceTree = "<group>";
		};
/* End PBXGroup section */

/* Begin PBXNativeTarget section */
		0FB4B7092AB42D9C005398FA /* ToDoList */ = {
			isa = PBXNativeTarget;
			buildConfigurationList = 0FB4B7182AB42D9D005398FA /* Build configuration list for PBXNativeTarget "ToDoList" */;
			buildPhases = (
				0FB4B7062AB42D9C005398FA /* Sources */,
				0FB4B7072AB42D9C005398FA /* Frameworks */,
				0FB4B7082AB42D9C005398FA /* Resources */,
			);
			buildRules = (
			);
			dependencies = (
			);
			name = ToDoList;
			packageProductDependencies = (
				0FB4B71E2AB431AF005398FA /* FirebaseAnalytics */,
				0FB4B7202AB431AF005398FA /* FirebaseAnalyticsSwift */,
				0FB4B7222AB431AF005398FA /* FirebaseAuth */,
				0FB4B7242AB431AF005398FA /* FirebaseFirestore */,
				0FB4B7262AB431AF005398FA /* FirebaseFirestoreSwift */,
			);
			productName = ToDoList;
			productReference = 0FB4B70A2AB42D9C005398FA /* ToDoList.app */;
			productType = "com.apple.product-type.application";
		};
/* End PBXNativeTarget section */

/* Begin PBXProject section */
		0FB4B7022AB42D9C005398FA /* Project object */ = {
			isa = PBXProject;
			attributes = {
				BuildIndependentTargetsInParallel = 1;
				LastSwiftUpdateCheck = 1430;
				LastUpgradeCheck = 1430;
				TargetAttributes = {
					0FB4B7092AB42D9C005398FA = {
						CreatedOnToolsVersion = 14.3.1;
					};
				};
			};
			buildConfigurationList = 0FB4B7052AB42D9C005398FA /* Build configuration list for PBXProject "ToDoList" */;
			compatibilityVersion = "Xcode 14.0";
			developmentRegion = en;
			hasScannedForEncodings = 0;
			knownRegions = (
				en,
				Base,
			);
			mainGroup = 0FB4B7012AB42D9C005398FA;
			packageReferences = (
				0FB4B71D2AB431AF005398FA /* XCRemoteSwiftPackageReference "firebase-ios-sdk" */,
			);
			productRefGroup = 0FB4B70B2AB42D9C005398FA /* Products */;
			projectDirPath = "";
			projectRoot = "";
			targets = (
				0FB4B7092AB42D9C005398FA /* ToDoList */,
			);
		};
/* End PBXProject section */

/* Begin PBXResourcesBuildPhase section */
		0FB4B7082AB42D9C005398FA /* Resources */ = {
			isa = PBXResourcesBuildPhase;
			buildActionMask = 2147483647;
			files = (
				0FB4B7152AB42D9D005398FA /* Preview Assets.xcassets in Resources */,
				0FB4B7122AB42D9D005398FA /* Assets.xcassets in Resources */,
				0FB4B71C2AB4303B005398FA /* GoogleService-Info.plist in Resources */,
			);
			runOnlyForDeploymentPostprocessing = 0;
		};
/* End PBXResourcesBuildPhase section */

/* Begin PBXSourcesBuildPhase section */
		0FB4B7062AB42D9C005398FA /* Sources */ = {
			isa = PBXSourcesBuildPhase;
			buildActionMask = 2147483647;
			files = (
				0FB4B7382AB43783005398FA /* NewItemView.swift in Sources */,
				0FB4B74D2AB44560005398FA /* HeaderView.swift in Sources */,
				0FB4B72E2AB4373D005398FA /* LoginView.swift in Sources */,
				0FB4B74F2AB44CAC005398FA /* LRButton.swift in Sources */,
				0FB4B7422AB4384E005398FA /* RegisterViewVM.swift in Sources */,
				0FB4B7442AB4385E005398FA /* ToDoListViewVM.swift in Sources */,
				0FB4B7342AB43768005398FA /* ToDoListItemView.swift in Sources */,
				0FB4B7402AB4383D005398FA /* LoginViewVM.swift in Sources */,
				0FB4B73E2AB4382B005398FA /* MainViewVM.swift in Sources */,
				0FB4B7302AB43749005398FA /* RegisterView.swift in Sources */,
				0FB4B7102AB42D9C005398FA /* MainView.swift in Sources */,
				0FB4B73A2AB437B2005398FA /* User.swift in Sources */,
				0FB4B70E2AB42D9C005398FA /* ToDoListApp.swift in Sources */,
				0FB4B7362AB43774005398FA /* ProfileView.swift in Sources */,
				0FB4B7462AB4386F005398FA /* ToDoListItemViewVM.swift in Sources */,
				0FB4B7512AB467DB005398FA /* Extensions.swift in Sources */,
				0FB4B7482AB4387D005398FA /* ProfileViewVM.swift in Sources */,
				0FB4B74A2AB43892005398FA /* NewItemViewVM.swift in Sources */,
				0FB4B73C2AB437C4005398FA /* ToDoListItem.swift in Sources */,
				0FB4B7322AB43758005398FA /* ToDoListView.swift in Sources */,
			);
			runOnlyForDeploymentPostprocessing = 0;
		};
/* End PBXSourcesBuildPhase section */

/* Begin XCBuildConfiguration section */
		0FB4B7162AB42D9D005398FA /* Debug */ = {
			isa = XCBuildConfiguration;
			buildSettings = {
				ALWAYS_SEARCH_USER_PATHS = NO;
				CLANG_ANALYZER_NONNULL = YES;
				CLANG_ANALYZER_NUMBER_OBJECT_CONVERSION = YES_AGGRESSIVE;
				CLANG_CXX_LANGUAGE_STANDARD = "gnu++20";
				CLANG_ENABLE_MODULES = YES;
				CLANG_ENABLE_OBJC_ARC = YES;
				CLANG_ENABLE_OBJC_WEAK = YES;
				CLANG_WARN_BLOCK_CAPTURE_AUTORELEASING = YES;
				CLANG_WARN_BOOL_CONVERSION = YES;
				CLANG_WARN_COMMA = YES;
				CLANG_WARN_CONSTANT_CONVERSION = YES;
				CLANG_WARN_DEPRECATED_OBJC_IMPLEMENTATIONS = YES;
				CLANG_WARN_DIRECT_OBJC_ISA_USAGE = YES_ERROR;
				CLANG_WARN_DOCUMENTATION_COMMENTS = YES;
				CLANG_WARN_EMPTY_BODY = YES;
				CLANG_WARN_ENUM_CONVERSION = YES;
				CLANG_WARN_INFINITE_RECURSION = YES;
				CLANG_WARN_INT_CONVERSION = YES;
				CLANG_WARN_NON_LITERAL_NULL_CONVERSION = YES;
				CLANG_WARN_OBJC_IMPLICIT_RETAIN_SELF = YES;
				CLANG_WARN_OBJC_LITERAL_CONVERSION = YES;
				CLANG_WARN_OBJC_ROOT_CLASS = YES_ERROR;
				CLANG_WARN_QUOTED_INCLUDE_IN_FRAMEWORK_HEADER = YES;
				CLANG_WARN_RANGE_LOOP_ANALYSIS = YES;
				CLANG_WARN_STRICT_PROTOTYPES = YES;
				CLANG_WARN_SUSPICIOUS_MOVE = YES;
				CLANG_WARN_UNGUARDED_AVAILABILITY = YES_AGGRESSIVE;
				CLANG_WARN_UNREACHABLE_CODE = YES;
				CLANG_WARN__DUPLICATE_METHOD_MATCH = YES;
				COPY_PHASE_STRIP = NO;
				DEBUG_INFORMATION_FORMAT = dwarf;
				ENABLE_STRICT_OBJC_MSGSEND = YES;
				ENABLE_TESTABILITY = YES;
				GCC_C_LANGUAGE_STANDARD = gnu11;
				GCC_DYNAMIC_NO_PIC = NO;
				GCC_NO_COMMON_BLOCKS = YES;
				GCC_OPTIMIZATION_LEVEL = 0;
				GCC_PREPROCESSOR_DEFINITIONS = (
					"DEBUG=1",
					"$(inherited)",
				);
				GCC_WARN_64_TO_32_BIT_CONVERSION = YES;
				GCC_WARN_ABOUT_RETURN_TYPE = YES_ERROR;
				GCC_WARN_UNDECLARED_SELECTOR = YES;
				GCC_WARN_UNINITIALIZED_AUTOS = YES_AGGRESSIVE;
				GCC_WARN_UNUSED_FUNCTION = YES;
				GCC_WARN_UNUSED_VARIABLE = YES;
				IPHONEOS_DEPLOYMENT_TARGET = 16.4;
				MTL_ENABLE_DEBUG_INFO = INCLUDE_SOURCE;
				MTL_FAST_MATH = YES;
				ONLY_ACTIVE_ARCH = YES;
				SDKROOT = iphoneos;
				SWIFT_ACTIVE_COMPILATION_CONDITIONS = DEBUG;
				SWIFT_OPTIMIZATION_LEVEL = "-Onone";
			};
			name = Debug;
		};
		0FB4B7172AB42D9D005398FA /* Release */ = {
			isa = XCBuildConfiguration;
			buildSettings = {
				ALWAYS_SEARCH_USER_PATHS = NO;
				CLANG_ANALYZER_NONNULL = YES;
				CLANG_ANALYZER_NUMBER_OBJECT_CONVERSION = YES_AGGRESSIVE;
				CLANG_CXX_LANGUAGE_STANDARD = "gnu++20";
				CLANG_ENABLE_MODULES = YES;
				CLANG_ENABLE_OBJC_ARC = YES;
				CLANG_ENABLE_OBJC_WEAK = YES;
				CLANG_WARN_BLOCK_CAPTURE_AUTORELEASING = YES;
				CLANG_WARN_BOOL_CONVERSION = YES;
				CLANG_WARN_COMMA = YES;
				CLANG_WARN_CONSTANT_CONVERSION = YES;
				CLANG_WARN_DEPRECATED_OBJC_IMPLEMENTATIONS = YES;
				CLANG_WARN_DIRECT_OBJC_ISA_USAGE = YES_ERROR;
				CLANG_WARN_DOCUMENTATION_COMMENTS = YES;
				CLANG_WARN_EMPTY_BODY = YES;
				CLANG_WARN_ENUM_CONVERSION = YES;
				CLANG_WARN_INFINITE_RECURSION = YES;
				CLANG_WARN_INT_CONVERSION = YES;
				CLANG_WARN_NON_LITERAL_NULL_CONVERSION = YES;
				CLANG_WARN_OBJC_IMPLICIT_RETAIN_SELF = YES;
				CLANG_WARN_OBJC_LITERAL_CONVERSION = YES;
				CLANG_WARN_OBJC_ROOT_CLASS = YES_ERROR;
				CLANG_WARN_QUOTED_INCLUDE_IN_FRAMEWORK_HEADER = YES;
				CLANG_WARN_RANGE_LOOP_ANALYSIS = YES;
				CLANG_WARN_STRICT_PROTOTYPES = YES;
				CLANG_WARN_SUSPICIOUS_MOVE = YES;
				CLANG_WARN_UNGUARDED_AVAILABILITY = YES_AGGRESSIVE;
				CLANG_WARN_UNREACHABLE_CODE = YES;
				CLANG_WARN__DUPLICATE_METHOD_MATCH = YES;
				COPY_PHASE_STRIP = NO;
				DEBUG_INFORMATION_FORMAT = "dwarf-with-dsym";
				ENABLE_NS_ASSERTIONS = NO;
				ENABLE_STRICT_OBJC_MSGSEND = YES;
				GCC_C_LANGUAGE_STANDARD = gnu11;
				GCC_NO_COMMON_BLOCKS = YES;
				GCC_WARN_64_TO_32_BIT_CONVERSION = YES;
				GCC_WARN_ABOUT_RETURN_TYPE = YES_ERROR;
				GCC_WARN_UNDECLARED_SELECTOR = YES;
				GCC_WARN_UNINITIALIZED_AUTOS = YES_AGGRESSIVE;
				GCC_WARN_UNUSED_FUNCTION = YES;
				GCC_WARN_UNUSED_VARIABLE = YES;
				IPHONEOS_DEPLOYMENT_TARGET = 16.4;
				MTL_ENABLE_DEBUG_INFO = NO;
				MTL_FAST_MATH = YES;
				SDKROOT = iphoneos;
				SWIFT_COMPILATION_MODE = wholemodule;
				SWIFT_OPTIMIZATION_LEVEL = "-O";
				VALIDATE_PRODUCT = YES;
			};
			name = Release;
		};
		0FB4B7192AB42D9D005398FA /* Debug */ = {
			isa = XCBuildConfiguration;
			buildSettings = {
				ASSETCATALOG_COMPILER_APPICON_NAME = AppIcon;
				ASSETCATALOG_COMPILER_GLOBAL_ACCENT_COLOR_NAME = AccentColor;
				CODE_SIGN_STYLE = Automatic;
				CURRENT_PROJECT_VERSION = 1;
				DEVELOPMENT_ASSET_PATHS = "\"ToDoList/Preview Content\"";
				DEVELOPMENT_TEAM = "";
				ENABLE_PREVIEWS = YES;
				GENERATE_INFOPLIST_FILE = YES;
				INFOPLIST_KEY_UIApplicationSceneManifest_Generation = YES;
				INFOPLIST_KEY_UIApplicationSupportsIndirectInputEvents = YES;
				INFOPLIST_KEY_UILaunchScreen_Generation = YES;
				INFOPLIST_KEY_UISupportedInterfaceOrientations_iPad = "UIInterfaceOrientationPortrait UIInterfaceOrientationPortraitUpsideDown UIInterfaceOrientationLandscapeLeft UIInterfaceOrientationLandscapeRight";
				INFOPLIST_KEY_UISupportedInterfaceOrientations_iPhone = "UIInterfaceOrientationPortrait UIInterfaceOrientationLandscapeLeft UIInterfaceOrientationLandscapeRight";
				LD_RUNPATH_SEARCH_PATHS = (
					"$(inherited)",
					"@executable_path/Frameworks",
				);
				MARKETING_VERSION = 1.0;
				PRODUCT_BUNDLE_IDENTIFIER = com.jb.ToDoList;
				PRODUCT_NAME = "$(TARGET_NAME)";
				SWIFT_EMIT_LOC_STRINGS = YES;
				SWIFT_VERSION = 5.0;
				TARGETED_DEVICE_FAMILY = "1,2";
			};
			name = Debug;
		};
		0FB4B71A2AB42D9D005398FA /* Release */ = {
			isa = XCBuildConfiguration;
			buildSettings = {
				ASSETCATALOG_COMPILER_APPICON_NAME = AppIcon;
				ASSETCATALOG_COMPILER_GLOBAL_ACCENT_COLOR_NAME = AccentColor;
				CODE_SIGN_STYLE = Automatic;
				CURRENT_PROJECT_VERSION = 1;
				DEVELOPMENT_ASSET_PATHS = "\"ToDoList/Preview Content\"";
				DEVELOPMENT_TEAM = "";
				ENABLE_PREVIEWS = YES;
				GENERATE_INFOPLIST_FILE = YES;
				INFOPLIST_KEY_UIApplicationSceneManifest_Generation = YES;
				INFOPLIST_KEY_UIApplicationSupportsIndirectInputEvents = YES;
				INFOPLIST_KEY_UILaunchScreen_Generation = YES;
				INFOPLIST_KEY_UISupportedInterfaceOrientations_iPad = "UIInterfaceOrientationPortrait UIInterfaceOrientationPortraitUpsideDown UIInterfaceOrientationLandscapeLeft UIInterfaceOrientationLandscapeRight";
				INFOPLIST_KEY_UISupportedInterfaceOrientations_iPhone = "UIInterfaceOrientationPortrait UIInterfaceOrientationLandscapeLeft UIInterfaceOrientationLandscapeRight";
				LD_RUNPATH_SEARCH_PATHS = (
					"$(inherited)",
					"@executable_path/Frameworks",
				);
				MARKETING_VERSION = 1.0;
				PRODUCT_BUNDLE_IDENTIFIER = com.jb.ToDoList;
				PRODUCT_NAME = "$(TARGET_NAME)";
				SWIFT_EMIT_LOC_STRINGS = YES;
				SWIFT_VERSION = 5.0;
				TARGETED_DEVICE_FAMILY = "1,2";
			};
			name = Release;
		};
/* End XCBuildConfiguration section */

/* Begin XCConfigurationList section */
		0FB4B7052AB42D9C005398FA /* Build configuration list for PBXProject "ToDoList" */ = {
			isa = XCConfigurationList;
			buildConfigurations = (
				0FB4B7162AB42D9D005398FA /* Debug */,
				0FB4B7172AB42D9D005398FA /* Release */,
			);
			defaultConfigurationIsVisible = 0;
			defaultConfigurationName = Release;
		};
		0FB4B7182AB42D9D005398FA /* Build configuration list for PBXNativeTarget "ToDoList" */ = {
			isa = XCConfigurationList;
			buildConfigurations = (
				0FB4B7192AB42D9D005398FA /* Debug */,
				0FB4B71A2AB42D9D005398FA /* Release */,
			);
			defaultConfigurationIsVisible = 0;
			defaultConfigurationName = Release;
		};
/* End XCConfigurationList section */

/* Begin XCRemoteSwiftPackageReference section */
		0FB4B71D2AB431AF005398FA /* XCRemoteSwiftPackageReference "firebase-ios-sdk" */ = {
			isa = XCRemoteSwiftPackageReference;
			repositoryURL = "https://github.com/firebase/firebase-ios-sdk";
			requirement = {
				kind = upToNextMajorVersion;
				minimumVersion = 10.0.0;
			};
		};
/* End XCRemoteSwiftPackageReference section */

/* Begin XCSwiftPackageProductDependency section */
		0FB4B71E2AB431AF005398FA /* FirebaseAnalytics */ = {
			isa = XCSwiftPackageProductDependency;
			package = 0FB4B71D2AB431AF005398FA /* XCRemoteSwiftPackageReference "firebase-ios-sdk" */;
			productName = FirebaseAnalytics;
		};
		0FB4B7202AB431AF005398FA /* FirebaseAnalyticsSwift */ = {
			isa = XCSwiftPackageProductDependency;
			package = 0FB4B71D2AB431AF005398FA /* XCRemoteSwiftPackageReference "firebase-ios-sdk" */;
			productName = FirebaseAnalyticsSwift;
		};
		0FB4B7222AB431AF005398FA /* FirebaseAuth */ = {
			isa = XCSwiftPackageProductDependency;
			package = 0FB4B71D2AB431AF005398FA /* XCRemoteSwiftPackageReference "firebase-ios-sdk" */;
			productName = FirebaseAuth;
		};
		0FB4B7242AB431AF005398FA /* FirebaseFirestore */ = {
			isa = XCSwiftPackageProductDependency;
			package = 0FB4B71D2AB431AF005398FA /* XCRemoteSwiftPackageReference "firebase-ios-sdk" */;
			productName = FirebaseFirestore;
		};
		0FB4B7262AB431AF005398FA /* FirebaseFirestoreSwift */ = {
			isa = XCSwiftPackageProductDependency;
			package = 0FB4B71D2AB431AF005398FA /* XCRemoteSwiftPackageReference "firebase-ios-sdk" */;
			productName = FirebaseFirestoreSwift;
		};
/* End XCSwiftPackageProductDependency section */
	};
	rootObject = 0FB4B7022AB42D9C005398FA /* Project object */;
}
